
Microsoft Visual Studio Solution File, Format Version 12.00
# Visual Studio Version 16
VisualStudioVersion = 16.0.33328.57
MinimumVisualStudioVersion = 10.0.40219.1
Project("{FAE04EC0-301F-11D3-BF4B-00C04F79EFBC}") = "Desafio1_PED", "Desafio1_PED\Desafio1_PED.csproj", "{1A335EA1-7524-4B1F-BDAB-16D6E5C19B4D}"
EndProject
Global
	GlobalSection(SolutionConfigurationPlatforms) = preSolution
		Debug|Any CPU = Debug|Any CPU
		Release|Any CPU = Release|Any CPU
	EndGlobalSection
	GlobalSection(ProjectConfigurationPlatforms) = postSolution
		{1A335EA1-7524-4B1F-BDAB-16D6E5C19B4D}.Debug|Any CPU.ActiveCfg = Debug|Any CPU
		{1A335EA1-7524-4B1F-BDAB-16D6E5C19B4D}.Debug|Any CPU.Build.0 = Debug|Any CPU
		{1A335EA1-7524-4B1F-BDAB-16D6E5C19B4D}.Release|Any CPU.ActiveCfg = Release|Any CPU
		{1A335EA1-7524-4B1F-BDAB-16D6E5C19B4D}.Release|Any CPU.Build.0 = Release|Any CPU
	EndGlobalSection
	GlobalSection(SolutionProperties) = preSolution
		HideSolutionNode = FALSE
	EndGlobalSection
	GlobalSection(ExtensibilityGlobals) = postSolution
		SolutionGuid = {A43834F4-6FA7-466A-B7A0-8800494EE452}
	EndGlobalSection
EndGlobal
